
Microsoft Visual Studio Solution File, Format Version 12.00
# Visual Studio Version 16
VisualStudioVersion = 16.0.30907.101
MinimumVisualStudioVersion = 10.0.40219.1
Project("{9A19103F-16F7-4668-BE54-9A1E7A4F7556}") = "DevLauncher", "source\DevLauncher.csproj", "{39B5DBDF-F6A9-4B2D-A3C0-158EA3E6F98B}"
EndProject
Global
	GlobalSection(SolutionConfigurationPlatforms) = preSolution
		Debug|Any CPU = Debug|Any CPU
		Release|Any CPU = Release|Any CPU
	EndGlobalSection
	GlobalSection(ProjectConfigurationPlatforms) = postSolution
		{39B5DBDF-F6A9-4B2D-A3C0-158EA3E6F98B}.Debug|Any CPU.ActiveCfg = Debug|Any CPU
		{39B5DBDF-F6A9-4B2D-A3C0-158EA3E6F98B}.Debug|Any CPU.Build.0 = Debug|Any CPU
		{39B5DBDF-F6A9-4B2D-A3C0-158EA3E6F98B}.Release|Any CPU.ActiveCfg = Release|Any CPU
		{39B5DBDF-F6A9-4B2D-A3C0-158EA3E6F98B}.Release|Any CPU.Build.0 = Release|Any CPU
	EndGlobalSection
	GlobalSection(SolutionProperties) = preSolution
		HideSolutionNode = FALSE
	EndGlobalSection
	GlobalSection(ExtensibilityGlobals) = postSolution
		SolutionGuid = {3D253137-CB55-4FFB-B8C8-9B77838FFB64}
	EndGlobalSection
EndGlobal
